
Microsoft Visual Studio Solution File, Format Version 12.00
# Visual Studio Version 17
VisualStudioVersion = 17.7.34031.279
MinimumVisualStudioVersion = 10.0.40219.1
Project("{FAE04EC0-301F-11D3-BF4B-00C04F79EFBC}") = "ConsoleApp1", "ConsoleApp1.csproj", "{F459E7D5-66BA-473F-9D0A-64A3D1EB9687}"
EndProject
Global
	GlobalSection(SolutionConfigurationPlatforms) = preSolution
		Debug|Any CPU = Debug|Any CPU
		Release|Any CPU = Release|Any CPU
	EndGlobalSection
	GlobalSection(ProjectConfigurationPlatforms) = postSolution
		{F459E7D5-66BA-473F-9D0A-64A3D1EB9687}.Debug|Any CPU.ActiveCfg = Debug|Any CPU
		{F459E7D5-66BA-473F-9D0A-64A3D1EB9687}.Debug|Any CPU.Build.0 = Debug|Any CPU
		{F459E7D5-66BA-473F-9D0A-64A3D1EB9687}.Release|Any CPU.ActiveCfg = Release|Any CPU
		{F459E7D5-66BA-473F-9D0A-64A3D1EB9687}.Release|Any CPU.Build.0 = Release|Any CPU
	EndGlobalSection
	GlobalSection(SolutionProperties) = preSolution
		HideSolutionNode = FALSE
	EndGlobalSection
	GlobalSection(ExtensibilityGlobals) = postSolution
		SolutionGuid = {8632751E-8CAE-42CF-B335-9956003D5D56}
	EndGlobalSection
EndGlobal
